
Microsoft Visual Studio Solution File, Format Version 12.00
# Visual Studio Version 17
VisualStudioVersion = 17.6.33829.357
MinimumVisualStudioVersion = 10.0.40219.1
Project("{9A19103F-16F7-4668-BE54-9A1E7A4F7556}") = "Juntos_A_Suerte_Wasm", "src\Juntos_A_Suerte_Wasm\Juntos_A_Suerte_Wasm.csproj", "{E2140F99-998B-45F1-801C-8E557D76A3C9}"
EndProject
Project("{2150E333-8FDC-42A3-9474-1A3956D46DE8}") = "Solution Items", "Solution Items", "{8ECB5436-BC25-46AF-80DA-5BD3AB2F2FFB}"
	ProjectSection(SolutionItems) = preProject
		.editorconfig = .editorconfig
		.gitignore = .gitignore
		Directory.Build.props = Directory.Build.props
	EndProjectSection
EndProject
Global
	GlobalSection(SolutionConfigurationPlatforms) = preSolution
		Debug|Any CPU = Debug|Any CPU
		Release|Any CPU = Release|Any CPU
	EndGlobalSection
	GlobalSection(ProjectConfigurationPlatforms) = postSolution
		{E2140F99-998B-45F1-801C-8E557D76A3C9}.Debug|Any CPU.ActiveCfg = Debug|Any CPU
		{E2140F99-998B-45F1-801C-8E557D76A3C9}.Debug|Any CPU.Build.0 = Debug|Any CPU
		{E2140F99-998B-45F1-801C-8E557D76A3C9}.Release|Any CPU.ActiveCfg = Release|Any CPU
		{E2140F99-998B-45F1-801C-8E557D76A3C9}.Release|Any CPU.Build.0 = Release|Any CPU
	EndGlobalSection
	GlobalSection(SolutionProperties) = preSolution
		HideSolutionNode = FALSE
	EndGlobalSection
	GlobalSection(ExtensibilityGlobals) = postSolution
		SolutionGuid = {CA975148-A5EF-4E6F-9571-754D82BA42CC}
	EndGlobalSection
EndGlobal
